// !$*UTF8*$!
{
	archiveVersion = 1;
	classes = {
	};
	objectVersion = 46;
	objects = {

/* Begin PBXBuildFile section */
		2E7DDE7519FFF4EF009A4570 /* AppDelegate.swift in Sources */ = {isa = PBXBuildFile; fileRef = 2E7DDE7419FFF4EF009A4570 /* AppDelegate.swift */; };
		2E7DDE7719FFF4EF009A4570 /* ViewController.swift in Sources */ = {isa = PBXBuildFile; fileRef = 2E7DDE7619FFF4EF009A4570 /* ViewController.swift */; };
		2E7DDE7A19FFF4EF009A4570 /* Main.storyboard in Resources */ = {isa = PBXBuildFile; fileRef = 2E7DDE7819FFF4EF009A4570 /* Main.storyboard */; };
		2E7DDE7C19FFF4EF009A4570 /* Images.xcassets in Resources */ = {isa = PBXBuildFile; fileRef = 2E7DDE7B19FFF4EF009A4570 /* Images.xcassets */; };
		2E7DDE7F19FFF4EF009A4570 /* LaunchScreen.xib in Resources */ = {isa = PBXBuildFile; fileRef = 2E7DDE7D19FFF4EF009A4570 /* LaunchScreen.xib */; };
		2E7DDE8B19FFF4EF009A4570 /* DogYearsTests.swift in Sources */ = {isa = PBXBuildFile; fileRef = 2E7DDE8A19FFF4EF009A4570 /* DogYearsTests.swift */; };
		2E7DDE9519FFF58E009A4570 /* The-postal-dog-stamp.jpg in Resources */ = {isa = PBXBuildFile; fileRef = 2E7DDE9419FFF58E009A4570 /* The-postal-dog-stamp.jpg */; };
/* End PBXBuildFile section */

/* Begin PBXContainerItemProxy section */
		2E7DDE8519FFF4EF009A4570 /* PBXContainerItemProxy */ = {
			isa = PBXContainerItemProxy;
			containerPortal = 2E7DDE6719FFF4EF009A4570 /* Project object */;
			proxyType = 1;
			remoteGlobalIDString = 2E7DDE6E19FFF4EF009A4570;
			remoteInfo = DogYears;
		};
/* End PBXContainerItemProxy section */

/* Begin PBXFileReference section */
		2E7DDE6F19FFF4EF009A4570 /* DogYears.app */ = {isa = PBXFileReference; explicitFileType = wrapper.application; includeInIndex = 0; path = DogYears.app; sourceTree = BUILT_PRODUCTS_DIR; };
		2E7DDE7319FFF4EF009A4570 /* Info.plist */ = {isa = PBXFileReference; lastKnownFileType = text.plist.xml; path = Info.plist; sourceTree = "<group>"; };
		2E7DDE7419FFF4EF009A4570 /* AppDelegate.swift */ = {isa = PBXFileReference; lastKnownFileType = sourcecode.swift; path = AppDelegate.swift; sourceTree = "<group>"; };
		2E7DDE7619FFF4EF009A4570 /* ViewController.swift */ = {isa = PBXFileReference; lastKnownFileType = sourcecode.swift; path = ViewController.swift; sourceTree = "<group>"; };
		2E7DDE7919FFF4EF009A4570 /* Base */ = {isa = PBXFileReference; lastKnownFileType = file.storyboard; name = Base; path = Base.lproj/Main.storyboard; sourceTree = "<group>"; };
		2E7DDE7B19FFF4EF009A4570 /* Images.xcassets */ = {isa = PBXFileReference; lastKnownFileType = folder.assetcatalog; path = Images.xcassets; sourceTree = "<group>"; };
		2E7DDE7E19FFF4EF009A4570 /* Base */ = {isa = PBXFileReference; lastKnownFileType = file.xib; name = Base; path = Base.lproj/LaunchScreen.xib; sourceTree = "<group>"; };
		2E7DDE8419FFF4EF009A4570 /* DogYearsTests.xctest */ = {isa = PBXFileReference; explicitFileType = wrapper.cfbundle; includeInIndex = 0; path = DogYearsTests.xctest; sourceTree = BUILT_PRODUCTS_DIR; };
		2E7DDE8919FFF4EF009A4570 /* Info.plist */ = {isa = PBXFileReference; lastKnownFileType = text.plist.xml; path = Info.plist; sourceTree = "<group>"; };
		2E7DDE8A19FFF4EF009A4570 /* DogYearsTests.swift */ = {isa = PBXFileReference; lastKnownFileType = sourcecode.swift; path = DogYearsTests.swift; sourceTree = "<group>"; };
		2E7DDE9419FFF58E009A4570 /* The-postal-dog-stamp.jpg */ = {isa = PBXFileReference; lastKnownFileType = image.jpeg; path = "The-postal-dog-stamp.jpg"; sourceTree = "<group>"; };
/* End PBXFileReference section */

/* Begin PBXFrameworksBuildPhase section */
		2E7DDE6C19FFF4EF009A4570 /* Frameworks */ = {
			isa = PBXFrameworksBuildPhase;
			buildActionMask = 2147483647;
			files = (
			);
			runOnlyForDeploymentPostprocessing = 0;
		};
		2E7DDE8119FFF4EF009A4570 /* Frameworks */ = {
			isa = PBXFrameworksBuildPhase;
			buildActionMask = 2147483647;
			files = (
			);
			runOnlyForDeploymentPostprocessing = 0;
		};
/* End PBXFrameworksBuildPhase section */

/* Begin PBXGroup section */
		2E7DDE6619FFF4EF009A4570 = {
			isa = PBXGroup;
			children = (
				2E7DDE7119FFF4EF009A4570 /* DogYears */,
				2E7DDE8719FFF4EF009A4570 /* DogYearsTests */,
				2E7DDE7019FFF4EF009A4570 /* Products */,
			);
			sourceTree = "<group>";
		};
		2E7DDE7019FFF4EF009A4570 /* Products */ = {
			isa = PBXGroup;
			children = (
				2E7DDE6F19FFF4EF009A4570 /* DogYears.app */,
				2E7DDE8419FFF4EF009A4570 /* DogYearsTests.xctest */,
			);
			name = Products;
			sourceTree = "<group>";
		};
		2E7DDE7119FFF4EF009A4570 /* DogYears */ = {
			isa = PBXGroup;
			children = (
				2E7DDE7419FFF4EF009A4570 /* AppDelegate.swift */,
				2E7DDE7619FFF4EF009A4570 /* ViewController.swift */,
				2E7DDE7819FFF4EF009A4570 /* Main.storyboard */,
				2E7DDE7B19FFF4EF009A4570 /* Images.xcassets */,
				2E7DDE7D19FFF4EF009A4570 /* LaunchScreen.xib */,
				2E7DDE7219FFF4EF009A4570 /* Supporting Files */,
			);
			path = DogYears;
			sourceTree = "<group>";
		};
		2E7DDE7219FFF4EF009A4570 /* Supporting Files */ = {
			isa = PBXGroup;
			children = (
				2E7DDE9419FFF58E009A4570 /* The-postal-dog-stamp.jpg */,
				2E7DDE7319FFF4EF009A4570 /* Info.plist */,
			);
			name = "Supporting Files";
			sourceTree = "<group>";
		};
		2E7DDE8719FFF4EF009A4570 /* DogYearsTests */ = {
			isa = PBXGroup;
			children = (
				2E7DDE8A19FFF4EF009A4570 /* DogYearsTests.swift */,
				2E7DDE8819FFF4EF009A4570 /* Supporting Files */,
			);
			path = DogYearsTests;
			sourceTree = "<group>";
		};
		2E7DDE8819FFF4EF009A4570 /* Supporting Files */ = {
			isa = PBXGroup;
			children = (
				2E7DDE8919FFF4EF009A4570 /* Info.plist */,
			);
			name = "Supporting Files";
			sourceTree = "<group>";
		};
/* End PBXGroup section */

/* Begin PBXNativeTarget section */
		2E7DDE6E19FFF4EF009A4570 /* DogYears */ = {
			isa = PBXNativeTarget;
			buildConfigurationList = 2E7DDE8E19FFF4EF009A4570 /* Build configuration list for PBXNativeTarget "DogYears" */;
			buildPhases = (
				2E7DDE6B19FFF4EF009A4570 /* Sources */,
				2E7DDE6C19FFF4EF009A4570 /* Frameworks */,
				2E7DDE6D19FFF4EF009A4570 /* Resources */,
			);
			buildRules = (
			);
			dependencies = (
			);
			name = DogYears;
			productName = DogYears;
			productReference = 2E7DDE6F19FFF4EF009A4570 /* DogYears.app */;
			productType = "com.apple.product-type.application";
		};
		2E7DDE8319FFF4EF009A4570 /* DogYearsTests */ = {
			isa = PBXNativeTarget;
			buildConfigurationList = 2E7DDE9119FFF4EF009A4570 /* Build configuration list for PBXNativeTarget "DogYearsTests" */;
			buildPhases = (
				2E7DDE8019FFF4EF009A4570 /* Sources */,
				2E7DDE8119FFF4EF009A4570 /* Frameworks */,
				2E7DDE8219FFF4EF009A4570 /* Resources */,
			);
			buildRules = (
			);
			dependencies = (
				2E7DDE8619FFF4EF009A4570 /* PBXTargetDependency */,
			);
			name = DogYearsTests;
			productName = DogYearsTests;
			productReference = 2E7DDE8419FFF4EF009A4570 /* DogYearsTests.xctest */;
			productType = "com.apple.product-type.bundle.unit-test";
		};
/* End PBXNativeTarget section */

/* Begin PBXProject section */
		2E7DDE6719FFF4EF009A4570 /* Project object */ = {
			isa = PBXProject;
			attributes = {
				LastUpgradeCheck = 0610;
				ORGANIZATIONNAME = Pedro;
				TargetAttributes = {
					2E7DDE6E19FFF4EF009A4570 = {
						CreatedOnToolsVersion = 6.1;
					};
					2E7DDE8319FFF4EF009A4570 = {
						CreatedOnToolsVersion = 6.1;
						TestTargetID = 2E7DDE6E19FFF4EF009A4570;
					};
				};
			};
			buildConfigurationList = 2E7DDE6A19FFF4EF009A4570 /* Build configuration list for PBXProject "DogYears" */;
			compatibilityVersion = "Xcode 3.2";
			developmentRegion = English;
			hasScannedForEncodings = 0;
			knownRegions = (
				en,
				Base,
			);
			mainGroup = 2E7DDE6619FFF4EF009A4570;
			productRefGroup = 2E7DDE7019FFF4EF009A4570 /* Products */;
			projectDirPath = "";
			projectRoot = "";
			targets = (
				2E7DDE6E19FFF4EF009A4570 /* DogYears */,
				2E7DDE8319FFF4EF009A4570 /* DogYearsTests */,
			);
		};
/* End PBXProject section */

/* Begin PBXResourcesBuildPhase section */
		2E7DDE6D19FFF4EF009A4570 /* Resources */ = {
			isa = PBXResourcesBuildPhase;
			buildActionMask = 2147483647;
			files = (
				2E7DDE7A19FFF4EF009A4570 /* Main.storyboard in Resources */,
				2E7DDE9519FFF58E009A4570 /* The-postal-dog-stamp.jpg in Resources */,
				2E7DDE7F19FFF4EF009A4570 /* LaunchScreen.xib in Resources */,
				2E7DDE7C19FFF4EF009A4570 /* Images.xcassets in Resources */,
			);
			runOnlyForDeploymentPostprocessing = 0;
		};
		2E7DDE8219FFF4EF009A4570 /* Resources */ = {
			isa = PBXResourcesBuildPhase;
			buildActionMask = 2147483647;
			files = (
			);
			runOnlyForDeploymentPostprocessing = 0;
		};
/* End PBXResourcesBuildPhase section */

/* Begin PBXSourcesBuildPhase section */
		2E7DDE6B19FFF4EF009A4570 /* Sources */ = {
			isa = PBXSourcesBuildPhase;
			buildActionMask = 2147483647;
			files = (
				2E7DDE7719FFF4EF009A4570 /* ViewController.swift in Sources */,
				2E7DDE7519FFF4EF009A4570 /* AppDelegate.swift in Sources */,
			);
			runOnlyForDeploymentPostprocessing = 0;
		};
		2E7DDE8019FFF4EF009A4570 /* Sources */ = {
			isa = PBXSourcesBuildPhase;
			buildActionMask = 2147483647;
			files = (
				2E7DDE8B19FFF4EF009A4570 /* DogYearsTests.swift in Sources */,
			);
			runOnlyForDeploymentPostprocessing = 0;
		};
/* End PBXSourcesBuildPhase section */

/* Begin PBXTargetDependency section */
		2E7DDE8619FFF4EF009A4570 /* PBXTargetDependency */ = {
			isa = PBXTargetDependency;
			target = 2E7DDE6E19FFF4EF009A4570 /* DogYears */;
			targetProxy = 2E7DDE8519FFF4EF009A4570 /* PBXContainerItemProxy */;
		};
/* End PBXTargetDependency section */

/* Begin PBXVariantGroup section */
		2E7DDE7819FFF4EF009A4570 /* Main.storyboard */ = {
			isa = PBXVariantGroup;
			children = (
				2E7DDE7919FFF4EF009A4570 /* Base */,
			);
			name = Main.storyboard;
			sourceTree = "<group>";
		};
		2E7DDE7D19FFF4EF009A4570 /* LaunchScreen.xib */ = {
			isa = PBXVariantGroup;
			children = (
				2E7DDE7E19FFF4EF009A4570 /* Base */,
			);
			name = LaunchScreen.xib;
			sourceTree = "<group>";
		};
/* End PBXVariantGroup section */

/* Begin XCBuildConfiguration section */
		2E7DDE8C19FFF4EF009A4570 /* Debug */ = {
			isa = XCBuildConfiguration;
			buildSettings = {
				ALWAYS_SEARCH_USER_PATHS = NO;
				CLANG_CXX_LANGUAGE_STANDARD = "gnu++0x";
				CLANG_CXX_LIBRARY = "libc++";
				CLANG_ENABLE_MODULES = YES;
				CLANG_ENABLE_OBJC_ARC = YES;
				CLANG_WARN_BOOL_CONVERSION = YES;
				CLANG_WARN_CONSTANT_CONVERSION = YES;
				CLANG_WARN_DIRECT_OBJC_ISA_USAGE = YES_ERROR;
				CLANG_WARN_EMPTY_BODY = YES;
				CLANG_WARN_ENUM_CONVERSION = YES;
				CLANG_WARN_INT_CONVERSION = YES;
				CLANG_WARN_OBJC_ROOT_CLASS = YES_ERROR;
				CLANG_WARN_UNREACHABLE_CODE = YES;
				CLANG_WARN__DUPLICATE_METHOD_MATCH = YES;
				"CODE_SIGN_IDENTITY[sdk=iphoneos*]" = "iPhone Developer";
				COPY_PHASE_STRIP = NO;
				ENABLE_STRICT_OBJC_MSGSEND = YES;
				GCC_C_LANGUAGE_STANDARD = gnu99;
				GCC_DYNAMIC_NO_PIC = NO;
				GCC_OPTIMIZATION_LEVEL = 0;
				GCC_PREPROCESSOR_DEFINITIONS = (
					"DEBUG=1",
					"$(inherited)",
				);
				GCC_SYMBOLS_PRIVATE_EXTERN = NO;
				GCC_WARN_64_TO_32_BIT_CONVERSION = YES;
				GCC_WARN_ABOUT_RETURN_TYPE = YES_ERROR;
				GCC_WARN_UNDECLARED_SELECTOR = YES;
				GCC_WARN_UNINITIALIZED_AUTOS = YES_AGGRESSIVE;
				GCC_WARN_UNUSED_FUNCTION = YES;
				GCC_WARN_UNUSED_VARIABLE = YES;
				IPHONEOS_DEPLOYMENT_TARGET = 8.1;
				MTL_ENABLE_DEBUG_INFO = YES;
				ONLY_ACTIVE_ARCH = YES;
				SDKROOT = iphoneos;
				SWIFT_OPTIMIZATION_LEVEL = "-Onone";
			};
			name = Debug;
		};
		2E7DDE8D19FFF4EF009A4570 /* Release */ = {
			isa = XCBuildConfiguration;
			buildSettings = {
				ALWAYS_SEARCH_USER_PATHS = NO;
				CLANG_CXX_LANGUAGE_STANDARD = "gnu++0x";
				CLANG_CXX_LIBRARY = "libc++";
				CLANG_ENABLE_MODULES = YES;
				CLANG_ENABLE_OBJC_ARC = YES;
				CLANG_WARN_BOOL_CONVERSION = YES;
				CLANG_WARN_CONSTANT_CONVERSION = YES;
				CLANG_WARN_DIRECT_OBJC_ISA_USAGE = YES_ERROR;
				CLANG_WARN_EMPTY_BODY = YES;
				CLANG_WARN_ENUM_CONVERSION = YES;
				CLANG_WARN_INT_CONVERSION = YES;
				CLANG_WARN_OBJC_ROOT_CLASS = YES_ERROR;
				CLANG_WARN_UNREACHABLE_CODE = YES;
				CLANG_WARN__DUPLICATE_METHOD_MATCH = YES;
				"CODE_SIGN_IDENTITY[sdk=iphoneos*]" = "iPhone Developer";
				COPY_PHASE_STRIP = YES;
				ENABLE_NS_ASSERTIONS = NO;
				ENABLE_STRICT_OBJC_MSGSEND = YES;
				GCC_C_LANGUAGE_STANDARD = gnu99;
				GCC_WARN_64_TO_32_BIT_CONVERSION = YES;
				GCC_WARN_ABOUT_RETURN_TYPE = YES_ERROR;
				GCC_WARN_UNDECLARED_SELECTOR = YES;
				GCC_WARN_UNINITIALIZED_AUTOS = YES_AGGRESSIVE;
				GCC_WARN_UNUSED_FUNCTION = YES;
				GCC_WARN_UNUSED_VARIABLE = YES;
				IPHONEOS_DEPLOYMENT_TARGET = 8.1;
				MTL_ENABLE_DEBUG_INFO = NO;
				SDKROOT = iphoneos;
				VALIDATE_PRODUCT = YES;
			};
			name = Release;
		};
		2E7DDE8F19FFF4EF009A4570 /* Debug */ = {
			isa = XCBuildConfiguration;
			buildSettings = {
				ASSETCATALOG_COMPILER_APPICON_NAME = AppIcon;
				INFOPLIST_FILE = DogYears/Info.plist;
				LD_RUNPATH_SEARCH_PATHS = "$(inherited) @executable_path/Frameworks";
				PRODUCT_NAME = "$(TARGET_NAME)";
				TARGETED_DEVICE_FAMILY = 1;
			};
			name = Debug;
		};
		2E7DDE9019FFF4EF009A4570 /* Release */ = {
			isa = XCBuildConfiguration;
			buildSettings = {
				ASSETCATALOG_COMPILER_APPICON_NAME = AppIcon;
				INFOPLIST_FILE = DogYears/Info.plist;
				LD_RUNPATH_SEARCH_PATHS = "$(inherited) @executable_path/Frameworks";
				PRODUCT_NAME = "$(TARGET_NAME)";
				TARGETED_DEVICE_FAMILY = 1;
			};
			name = Release;
		};
		2E7DDE9219FFF4EF009A4570 /* Debug */ = {
			isa = XCBuildConfiguration;
			buildSettings = {
				BUNDLE_LOADER = "$(TEST_HOST)";
				FRAMEWORK_SEARCH_PATHS = (
					"$(SDKROOT)/Developer/Library/Frameworks",
					"$(inherited)",
				);
				GCC_PREPROCESSOR_DEFINITIONS = (
					"DEBUG=1",
					"$(inherited)",
				);
				INFOPLIST_FILE = DogYearsTests/Info.plist;
				LD_RUNPATH_SEARCH_PATHS = "$(inherited) @executable_path/Frameworks @loader_path/Frameworks";
				PRODUCT_NAME = "$(TARGET_NAME)";
				TEST_HOST = "$(BUILT_PRODUCTS_DIR)/DogYears.app/DogYears";
			};
			name = Debug;
		};
		2E7DDE9319FFF4EF009A4570 /* Release */ = {
			isa = XCBuildConfiguration;
			buildSettings = {
				BUNDLE_LOADER = "$(TEST_HOST)";
				FRAMEWORK_SEARCH_PATHS = (
					"$(SDKROOT)/Developer/Library/Frameworks",
					"$(inherited)",
				);
				INFOPLIST_FILE = DogYearsTests/Info.plist;
				LD_RUNPATH_SEARCH_PATHS = "$(inherited) @executable_path/Frameworks @loader_path/Frameworks";
				PRODUCT_NAME = "$(TARGET_NAME)";
				TEST_HOST = "$(BUILT_PRODUCTS_DIR)/DogYears.app/DogYears";
			};
			name = Release;
		};
/* End XCBuildConfiguration section */

/* Begin XCConfigurationList section */
		2E7DDE6A19FFF4EF009A4570 /* Build configuration list for PBXProject "DogYears" */ = {
			isa = XCConfigurationList;
			buildConfigurations = (
				2E7DDE8C19FFF4EF009A4570 /* Debug */,
				2E7DDE8D19FFF4EF009A4570 /* Release */,
			);
			defaultConfigurationIsVisible = 0;
			defaultConfigurationName = Release;
		};
		2E7DDE8E19FFF4EF009A4570 /* Build configuration list for PBXNativeTarget "DogYears" */ = {
			isa = XCConfigurationList;
			buildConfigurations = (
				2E7DDE8F19FFF4EF009A4570 /* Debug */,
				2E7DDE9019FFF4EF009A4570 /* Release */,
			);
			defaultConfigurationIsVisible = 0;
		};
		2E7DDE9119FFF4EF009A4570 /* Build configuration list for PBXNativeTarget "DogYearsTests" */ = {
			isa = XCConfigurationList;
			buildConfigurations = (
				2E7DDE9219FFF4EF009A4570 /* Debug */,
				2E7DDE9319FFF4EF009A4570 /* Release */,
			);
			defaultConfigurationIsVisible = 0;
		};
/* End XCConfigurationList section */
	};
	rootObject = 2E7DDE6719FFF4EF009A4570 /* Project object */;
}
